
Microsoft Visual Studio Solution File, Format Version 12.00
# Visual Studio 15
VisualStudioVersion = 15.0.28307.572
MinimumVisualStudioVersion = 10.0.40219.1
Project("{FAE04EC0-301F-11D3-BF4B-00C04F79EFBC}") = "HistoryTestsApp", "HistoryTestsApp\HistoryTestsApp.csproj", "{8B2795EE-4C9D-48C5-8F67-C77238C46E32}"
EndProject
Global
	GlobalSection(SolutionConfigurationPlatforms) = preSolution
		Debug|Any CPU = Debug|Any CPU
		Release|Any CPU = Release|Any CPU
	EndGlobalSection
	GlobalSection(ProjectConfigurationPlatforms) = postSolution
		{8B2795EE-4C9D-48C5-8F67-C77238C46E32}.Debug|Any CPU.ActiveCfg = Debug|Any CPU
		{8B2795EE-4C9D-48C5-8F67-C77238C46E32}.Debug|Any CPU.Build.0 = Debug|Any CPU
		{8B2795EE-4C9D-48C5-8F67-C77238C46E32}.Release|Any CPU.ActiveCfg = Release|Any CPU
		{8B2795EE-4C9D-48C5-8F67-C77238C46E32}.Release|Any CPU.Build.0 = Release|Any CPU
	EndGlobalSection
	GlobalSection(SolutionProperties) = preSolution
		HideSolutionNode = FALSE
	EndGlobalSection
	GlobalSection(ExtensibilityGlobals) = postSolution
		SolutionGuid = {20A63AA4-975D-4C8C-94FA-C6423ECA7448}
	EndGlobalSection
EndGlobal
