
Microsoft Visual Studio Solution File, Format Version 12.00
# Visual Studio 15
VisualStudioVersion = 15.0.28307.438
MinimumVisualStudioVersion = 10.0.40219.1
Project("{FAE04EC0-301F-11D3-BF4B-00C04F79EFBC}") = "APITestApp", "APIApp\APITestApp.csproj", "{76ECA74D-4527-4EBC-AE23-B280AD930BAD}"
EndProject
Global
	GlobalSection(SolutionConfigurationPlatforms) = preSolution
		Debug|Any CPU = Debug|Any CPU
		Release|Any CPU = Release|Any CPU
	EndGlobalSection
	GlobalSection(ProjectConfigurationPlatforms) = postSolution
		{76ECA74D-4527-4EBC-AE23-B280AD930BAD}.Debug|Any CPU.ActiveCfg = Debug|Any CPU
		{76ECA74D-4527-4EBC-AE23-B280AD930BAD}.Debug|Any CPU.Build.0 = Debug|Any CPU
		{76ECA74D-4527-4EBC-AE23-B280AD930BAD}.Release|Any CPU.ActiveCfg = Release|Any CPU
		{76ECA74D-4527-4EBC-AE23-B280AD930BAD}.Release|Any CPU.Build.0 = Release|Any CPU
	EndGlobalSection
	GlobalSection(SolutionProperties) = preSolution
		HideSolutionNode = FALSE
	EndGlobalSection
	GlobalSection(ExtensibilityGlobals) = postSolution
		SolutionGuid = {ADDFC242-30CB-4FF5-99ED-AC416780DEA0}
	EndGlobalSection
EndGlobal
